
Microsoft Visual Studio Solution File, Format Version 12.00
# Visual Studio Version 17
Project("{8BC9CEB8-8B4A-11D0-8D11-00A0C91BC942}") = "ALL_BUILD", "ALL_BUILD.vcxproj", "{CEDEC267-A4A9-3EFA-B97E-087FCC6EF8FA}"
	ProjectSection(ProjectDependencies) = postProject
		{1FB0376E-B361-311E-A3BD-A3770741FFB4} = {1FB0376E-B361-311E-A3BD-A3770741FFB4}
		{4AABB38C-7263-3DA1-A28B-D72990ADA321} = {4AABB38C-7263-3DA1-A28B-D72990ADA321}
		{C631299F-E9DE-3A8E-B690-66647703AED8} = {C631299F-E9DE-3A8E-B690-66647703AED8}
		{E2F0C69D-C9A9-33AC-B195-9DC442B6268C} = {E2F0C69D-C9A9-33AC-B195-9DC442B6268C}
		{A4396925-F5FA-375F-9760-2EC293DC62CA} = {A4396925-F5FA-375F-9760-2EC293DC62CA}
		{1EA613EA-56C2-37C3-B62B-C578E8815211} = {1EA613EA-56C2-37C3-B62B-C578E8815211}
		{00F7E25B-FD2F-3738-B6DD-0769BDA7F071} = {00F7E25B-FD2F-3738-B6DD-0769BDA7F071}
		{8A9FD3CE-FE68-30A1-AF51-A3C9E1926800} = {8A9FD3CE-FE68-30A1-AF51-A3C9E1926800}
	EndProjectSection
EndProject
Project("{8BC9CEB8-8B4A-11D0-8D11-00A0C91BC942}") = "INSTALL", "INSTALL.vcxproj", "{BD3666E5-6B32-3512-8F02-5D4F9603CB81}"
	ProjectSection(ProjectDependencies) = postProject
		{CEDEC267-A4A9-3EFA-B97E-087FCC6EF8FA} = {CEDEC267-A4A9-3EFA-B97E-087FCC6EF8FA}
		{1FB0376E-B361-311E-A3BD-A3770741FFB4} = {1FB0376E-B361-311E-A3BD-A3770741FFB4}
	EndProjectSection
EndProject
Project("{8BC9CEB8-8B4A-11D0-8D11-00A0C91BC942}") = "ZERO_CHECK", "ZERO_CHECK.vcxproj", "{1FB0376E-B361-311E-A3BD-A3770741FFB4}"
	ProjectSection(ProjectDependencies) = postProject
	EndProjectSection
EndProject
Project("{8BC9CEB8-8B4A-11D0-8D11-00A0C91BC942}") = "alpo", "src\alpo.vcxproj", "{4AABB38C-7263-3DA1-A28B-D72990ADA321}"
	ProjectSection(ProjectDependencies) = postProject
		{1FB0376E-B361-311E-A3BD-A3770741FFB4} = {1FB0376E-B361-311E-A3BD-A3770741FFB4}
	EndProjectSection
EndProject
Project("{8BC9CEB8-8B4A-11D0-8D11-00A0C91BC942}") = "app_alpo", "app\app_alpo.vcxproj", "{C631299F-E9DE-3A8E-B690-66647703AED8}"
	ProjectSection(ProjectDependencies) = postProject
		{1FB0376E-B361-311E-A3BD-A3770741FFB4} = {1FB0376E-B361-311E-A3BD-A3770741FFB4}
		{4AABB38C-7263-3DA1-A28B-D72990ADA321} = {4AABB38C-7263-3DA1-A28B-D72990ADA321}
	EndProjectSection
EndProject
Project("{8BC9CEB8-8B4A-11D0-8D11-00A0C91BC942}") = "gmock", "libs\googletest\googlemock\gmock.vcxproj", "{E2F0C69D-C9A9-33AC-B195-9DC442B6268C}"
	ProjectSection(ProjectDependencies) = postProject
		{1FB0376E-B361-311E-A3BD-A3770741FFB4} = {1FB0376E-B361-311E-A3BD-A3770741FFB4}
	EndProjectSection
EndProject
Project("{8BC9CEB8-8B4A-11D0-8D11-00A0C91BC942}") = "gmock_main", "libs\googletest\googlemock\gmock_main.vcxproj", "{A4396925-F5FA-375F-9760-2EC293DC62CA}"
	ProjectSection(ProjectDependencies) = postProject
		{1FB0376E-B361-311E-A3BD-A3770741FFB4} = {1FB0376E-B361-311E-A3BD-A3770741FFB4}
	EndProjectSection
EndProject
Project("{8BC9CEB8-8B4A-11D0-8D11-00A0C91BC942}") = "gtest", "libs\googletest\googletest\gtest.vcxproj", "{1EA613EA-56C2-37C3-B62B-C578E8815211}"
	ProjectSection(ProjectDependencies) = postProject
		{1FB0376E-B361-311E-A3BD-A3770741FFB4} = {1FB0376E-B361-311E-A3BD-A3770741FFB4}
	EndProjectSection
EndProject
Project("{8BC9CEB8-8B4A-11D0-8D11-00A0C91BC942}") = "gtest_main", "libs\googletest\googletest\gtest_main.vcxproj", "{00F7E25B-FD2F-3738-B6DD-0769BDA7F071}"
	ProjectSection(ProjectDependencies) = postProject
		{1FB0376E-B361-311E-A3BD-A3770741FFB4} = {1FB0376E-B361-311E-A3BD-A3770741FFB4}
		{1EA613EA-56C2-37C3-B62B-C578E8815211} = {1EA613EA-56C2-37C3-B62B-C578E8815211}
	EndProjectSection
EndProject
Project("{8BC9CEB8-8B4A-11D0-8D11-00A0C91BC942}") = "test_alpo", "test\test_alpo.vcxproj", "{8A9FD3CE-FE68-30A1-AF51-A3C9E1926800}"
	ProjectSection(ProjectDependencies) = postProject
		{1FB0376E-B361-311E-A3BD-A3770741FFB4} = {1FB0376E-B361-311E-A3BD-A3770741FFB4}
		{4AABB38C-7263-3DA1-A28B-D72990ADA321} = {4AABB38C-7263-3DA1-A28B-D72990ADA321}
		{1EA613EA-56C2-37C3-B62B-C578E8815211} = {1EA613EA-56C2-37C3-B62B-C578E8815211}
	EndProjectSection
EndProject
Global
	GlobalSection(SolutionConfigurationPlatforms) = preSolution
		Debug|x64 = Debug|x64
		Release|x64 = Release|x64
	EndGlobalSection
	GlobalSection(ProjectConfigurationPlatforms) = postSolution
		{CEDEC267-A4A9-3EFA-B97E-087FCC6EF8FA}.Debug|x64.ActiveCfg = Debug|x64
		{CEDEC267-A4A9-3EFA-B97E-087FCC6EF8FA}.Debug|x64.Build.0 = Debug|x64
		{CEDEC267-A4A9-3EFA-B97E-087FCC6EF8FA}.Release|x64.ActiveCfg = Release|x64
		{CEDEC267-A4A9-3EFA-B97E-087FCC6EF8FA}.Release|x64.Build.0 = Release|x64
		{BD3666E5-6B32-3512-8F02-5D4F9603CB81}.Debug|x64.ActiveCfg = Debug|x64
		{BD3666E5-6B32-3512-8F02-5D4F9603CB81}.Release|x64.ActiveCfg = Release|x64
		{1FB0376E-B361-311E-A3BD-A3770741FFB4}.Debug|x64.ActiveCfg = Debug|x64
		{1FB0376E-B361-311E-A3BD-A3770741FFB4}.Debug|x64.Build.0 = Debug|x64
		{1FB0376E-B361-311E-A3BD-A3770741FFB4}.Release|x64.ActiveCfg = Release|x64
		{1FB0376E-B361-311E-A3BD-A3770741FFB4}.Release|x64.Build.0 = Release|x64
		{4AABB38C-7263-3DA1-A28B-D72990ADA321}.Debug|x64.ActiveCfg = Debug|x64
		{4AABB38C-7263-3DA1-A28B-D72990ADA321}.Debug|x64.Build.0 = Debug|x64
		{4AABB38C-7263-3DA1-A28B-D72990ADA321}.Release|x64.ActiveCfg = Release|x64
		{4AABB38C-7263-3DA1-A28B-D72990ADA321}.Release|x64.Build.0 = Release|x64
		{C631299F-E9DE-3A8E-B690-66647703AED8}.Debug|x64.ActiveCfg = Debug|x64
		{C631299F-E9DE-3A8E-B690-66647703AED8}.Debug|x64.Build.0 = Debug|x64
		{C631299F-E9DE-3A8E-B690-66647703AED8}.Release|x64.ActiveCfg = Release|x64
		{C631299F-E9DE-3A8E-B690-66647703AED8}.Release|x64.Build.0 = Release|x64
		{E2F0C69D-C9A9-33AC-B195-9DC442B6268C}.Debug|x64.ActiveCfg = Debug|x64
		{E2F0C69D-C9A9-33AC-B195-9DC442B6268C}.Debug|x64.Build.0 = Debug|x64
		{E2F0C69D-C9A9-33AC-B195-9DC442B6268C}.Release|x64.ActiveCfg = Release|x64
		{E2F0C69D-C9A9-33AC-B195-9DC442B6268C}.Release|x64.Build.0 = Release|x64
		{A4396925-F5FA-375F-9760-2EC293DC62CA}.Debug|x64.ActiveCfg = Debug|x64
		{A4396925-F5FA-375F-9760-2EC293DC62CA}.Debug|x64.Build.0 = Debug|x64
		{A4396925-F5FA-375F-9760-2EC293DC62CA}.Release|x64.ActiveCfg = Release|x64
		{A4396925-F5FA-375F-9760-2EC293DC62CA}.Release|x64.Build.0 = Release|x64
		{1EA613EA-56C2-37C3-B62B-C578E8815211}.Debug|x64.ActiveCfg = Debug|x64
		{1EA613EA-56C2-37C3-B62B-C578E8815211}.Debug|x64.Build.0 = Debug|x64
		{1EA613EA-56C2-37C3-B62B-C578E8815211}.Release|x64.ActiveCfg = Release|x64
		{1EA613EA-56C2-37C3-B62B-C578E8815211}.Release|x64.Build.0 = Release|x64
		{00F7E25B-FD2F-3738-B6DD-0769BDA7F071}.Debug|x64.ActiveCfg = Debug|x64
		{00F7E25B-FD2F-3738-B6DD-0769BDA7F071}.Debug|x64.Build.0 = Debug|x64
		{00F7E25B-FD2F-3738-B6DD-0769BDA7F071}.Release|x64.ActiveCfg = Release|x64
		{00F7E25B-FD2F-3738-B6DD-0769BDA7F071}.Release|x64.Build.0 = Release|x64
		{8A9FD3CE-FE68-30A1-AF51-A3C9E1926800}.Debug|x64.ActiveCfg = Debug|x64
		{8A9FD3CE-FE68-30A1-AF51-A3C9E1926800}.Debug|x64.Build.0 = Debug|x64
		{8A9FD3CE-FE68-30A1-AF51-A3C9E1926800}.Release|x64.ActiveCfg = Release|x64
		{8A9FD3CE-FE68-30A1-AF51-A3C9E1926800}.Release|x64.Build.0 = Release|x64
	EndGlobalSection
	GlobalSection(ExtensibilityGlobals) = postSolution
		SolutionGuid = {B29414B0-2C2A-34FC-A30D-896BAB98A14C}
	EndGlobalSection
	GlobalSection(ExtensibilityAddIns) = postSolution
	EndGlobalSection
EndGlobal
