<?xml version="1.0" encoding="utf-8"?>
<Project ToolsVersion="17.0" xmlns="http://schemas.microsoft.com/developer/msbuild/2003">
  <ItemGroup>
    <CustomBuild Include="C:\GitHub_Repos\alpo\sln\CMakeFiles\8efecb11ee22c695524e054e786ed138\generate.stamp.rule">
      <Filter>CMake Rules</Filter>
    </CustomBuild>
  </ItemGroup>
  <ItemGroup>
    <Filter Include="CMake Rules">
      <UniqueIdentifier>{0640E174-B43E-3796-B454-0966D1169656}</UniqueIdentifier>
    </Filter>
  </ItemGroup>
</Project>
